
Microsoft Visual Studio Solution File, Format Version 12.00
# Visual Studio Version 16
VisualStudioVersion = 16.0.30225.117
MinimumVisualStudioVersion = 10.0.40219.1
Project("{FAE04EC0-301F-11D3-BF4B-00C04F79EFBC}") = "App_Gestion_Collection_MTG", "App_Gestion_Collection_MTG.csproj", "{A447E33C-4BA8-4134-8527-72B7BF701DCC}"
EndProject
Global
	GlobalSection(SolutionConfigurationPlatforms) = preSolution
		Debug|Any CPU = Debug|Any CPU
		Release|Any CPU = Release|Any CPU
	EndGlobalSection
	GlobalSection(ProjectConfigurationPlatforms) = postSolution
		{A447E33C-4BA8-4134-8527-72B7BF701DCC}.Debug|Any CPU.ActiveCfg = Debug|Any CPU
		{A447E33C-4BA8-4134-8527-72B7BF701DCC}.Debug|Any CPU.Build.0 = Debug|Any CPU
		{A447E33C-4BA8-4134-8527-72B7BF701DCC}.Release|Any CPU.ActiveCfg = Release|Any CPU
		{A447E33C-4BA8-4134-8527-72B7BF701DCC}.Release|Any CPU.Build.0 = Release|Any CPU
	EndGlobalSection
	GlobalSection(SolutionProperties) = preSolution
		HideSolutionNode = FALSE
	EndGlobalSection
	GlobalSection(ExtensibilityGlobals) = postSolution
		SolutionGuid = {2A8C468B-576E-4B34-AD99-4C97D99757CE}
	EndGlobalSection
EndGlobal
